
Microsoft Visual Studio Solution File, Format Version 12.00
# Visual Studio 2012
Project("{2150E333-8FDC-42A3-9474-1A3956D46DE8}") = "[ zen-build ]", "[ zen-build ]", "{CCE7810E-3944-4AC9-AB51-65A2CB237DD4}"
EndProject
Project("{2150E333-8FDC-42A3-9474-1A3956D46DE8}") = "hosting", "hosting", "{8463352E-D820-4A19-8EA7-2D6AD23BAE9E}"
EndProject
Project("{2150E333-8FDC-42A3-9474-1A3956D46DE8}") = "webapp", "webapp", "{1A01BC9C-8527-4DDC-9E89-7A345ECD1FBD}"
EndProject
Project("{2150E333-8FDC-42A3-9474-1A3956D46DE8}") = "wpfapp", "wpfapp", "{D2408D93-7627-4EB8-A0F9-9B76DDD7E63F}"
EndProject
Project("{FAE04EC0-301F-11D3-BF4B-00C04F79EFBC}") = "Zen.Examples", "Examples\Zen.Examples\Zen.Examples.csproj", "{26B2028E-1CD2-46C3-A083-48EF0A46ACD2}"
EndProject
Project("{FAE04EC0-301F-11D3-BF4B-00C04F79EFBC}") = "Zen.Demo", "Examples\Zen.Demo\Zen.Demo.csproj", "{D684DE9C-11E2-491D-9756-3E36DFDA5424}"
EndProject
Project("{FAE04EC0-301F-11D3-BF4B-00C04F79EFBC}") = "Zen.SvcHost.IIS", "Examples\Zen.SvcHost.IIS\Zen.SvcHost.IIS.csproj", "{AA8E1919-C867-4060-9717-9AE0CFCC732D}"
EndProject
Project("{FAE04EC0-301F-11D3-BF4B-00C04F79EFBC}") = "Zen.SvcHost.Self", "Examples\Zen.SvcHost.Self\Zen.SvcHost.Self.csproj", "{70C5C7E2-4A2E-4ECF-9DB3-F9755758F82C}"
EndProject
Project("{FAE04EC0-301F-11D3-BF4B-00C04F79EFBC}") = "Zen.SvcHost.Shelf", "Examples\Zen.SvcHost.Shelf\Zen.SvcHost.Shelf.csproj", "{B81D1E66-FC93-4466-822B-FA07AF481C7C}"
EndProject
Project("{FAE04EC0-301F-11D3-BF4B-00C04F79EFBC}") = "Zen.Startup", "Examples\Zen.Startup\Zen.Startup.csproj", "{EEC581C9-8FC7-474D-8942-83F5D325923B}"
EndProject
Project("{FAE04EC0-301F-11D3-BF4B-00C04F79EFBC}") = "Zen", "Zen\Zen.csproj", "{4D1B27DD-AD19-4405-90C0-E03BAD50FEBF}"
EndProject
Project("{FAE04EC0-301F-11D3-BF4B-00C04F79EFBC}") = "Zen.Data", "Zen.Data\Zen.Data.csproj", "{6654D1EB-D5CD-4618-A326-1808894F8D27}"
EndProject
Project("{FAE04EC0-301F-11D3-BF4B-00C04F79EFBC}") = "Zen.Svcs", "Zen.Svcs\Zen.Svcs.csproj", "{C171F5FC-10C4-4F1C-B937-148D35105C65}"
EndProject
Global
	GlobalSection(SolutionConfigurationPlatforms) = preSolution
		Debug|Any CPU = Debug|Any CPU
		Debug|x64 = Debug|x64
		Debug|x86 = Debug|x86
		Release|Any CPU = Release|Any CPU
		Release|x64 = Release|x64
		Release|x86 = Release|x86
	EndGlobalSection
	GlobalSection(ProjectConfigurationPlatforms) = postSolution
		{26B2028E-1CD2-46C3-A083-48EF0A46ACD2}.Debug|Any CPU.ActiveCfg = Debug|Any CPU
		{26B2028E-1CD2-46C3-A083-48EF0A46ACD2}.Debug|Any CPU.Build.0 = Debug|Any CPU
		{26B2028E-1CD2-46C3-A083-48EF0A46ACD2}.Debug|x64.ActiveCfg = Debug|x64
		{26B2028E-1CD2-46C3-A083-48EF0A46ACD2}.Debug|x64.Build.0 = Debug|x64
		{26B2028E-1CD2-46C3-A083-48EF0A46ACD2}.Debug|x86.ActiveCfg = Debug|x86
		{26B2028E-1CD2-46C3-A083-48EF0A46ACD2}.Debug|x86.Build.0 = Debug|x86
		{26B2028E-1CD2-46C3-A083-48EF0A46ACD2}.Release|Any CPU.ActiveCfg = Release|Any CPU
		{26B2028E-1CD2-46C3-A083-48EF0A46ACD2}.Release|Any CPU.Build.0 = Release|Any CPU
		{26B2028E-1CD2-46C3-A083-48EF0A46ACD2}.Release|x64.ActiveCfg = Release|x64
		{26B2028E-1CD2-46C3-A083-48EF0A46ACD2}.Release|x64.Build.0 = Release|x64
		{26B2028E-1CD2-46C3-A083-48EF0A46ACD2}.Release|x86.ActiveCfg = Release|x86
		{26B2028E-1CD2-46C3-A083-48EF0A46ACD2}.Release|x86.Build.0 = Release|x86
		{D684DE9C-11E2-491D-9756-3E36DFDA5424}.Debug|Any CPU.ActiveCfg = Debug|Any CPU
		{D684DE9C-11E2-491D-9756-3E36DFDA5424}.Debug|Any CPU.Build.0 = Debug|Any CPU
		{D684DE9C-11E2-491D-9756-3E36DFDA5424}.Debug|x64.ActiveCfg = Debug|x64
		{D684DE9C-11E2-491D-9756-3E36DFDA5424}.Debug|x64.Build.0 = Debug|x64
		{D684DE9C-11E2-491D-9756-3E36DFDA5424}.Debug|x86.ActiveCfg = Debug|x86
		{D684DE9C-11E2-491D-9756-3E36DFDA5424}.Debug|x86.Build.0 = Debug|x86
		{D684DE9C-11E2-491D-9756-3E36DFDA5424}.Release|Any CPU.ActiveCfg = Release|Any CPU
		{D684DE9C-11E2-491D-9756-3E36DFDA5424}.Release|Any CPU.Build.0 = Release|Any CPU
		{D684DE9C-11E2-491D-9756-3E36DFDA5424}.Release|x64.ActiveCfg = Release|x64
		{D684DE9C-11E2-491D-9756-3E36DFDA5424}.Release|x64.Build.0 = Release|x64
		{D684DE9C-11E2-491D-9756-3E36DFDA5424}.Release|x86.ActiveCfg = Release|x86
		{D684DE9C-11E2-491D-9756-3E36DFDA5424}.Release|x86.Build.0 = Release|x86
		{AA8E1919-C867-4060-9717-9AE0CFCC732D}.Debug|Any CPU.ActiveCfg = Debug|Any CPU
		{AA8E1919-C867-4060-9717-9AE0CFCC732D}.Debug|Any CPU.Build.0 = Debug|Any CPU
		{AA8E1919-C867-4060-9717-9AE0CFCC732D}.Debug|x64.ActiveCfg = Debug|x64
		{AA8E1919-C867-4060-9717-9AE0CFCC732D}.Debug|x64.Build.0 = Debug|x64
		{AA8E1919-C867-4060-9717-9AE0CFCC732D}.Debug|x86.ActiveCfg = Debug|x86
		{AA8E1919-C867-4060-9717-9AE0CFCC732D}.Debug|x86.Build.0 = Debug|x86
		{AA8E1919-C867-4060-9717-9AE0CFCC732D}.Release|Any CPU.ActiveCfg = Release|Any CPU
		{AA8E1919-C867-4060-9717-9AE0CFCC732D}.Release|Any CPU.Build.0 = Release|Any CPU
		{AA8E1919-C867-4060-9717-9AE0CFCC732D}.Release|x64.ActiveCfg = Release|x64
		{AA8E1919-C867-4060-9717-9AE0CFCC732D}.Release|x64.Build.0 = Release|x64
		{AA8E1919-C867-4060-9717-9AE0CFCC732D}.Release|x86.ActiveCfg = Release|x86
		{AA8E1919-C867-4060-9717-9AE0CFCC732D}.Release|x86.Build.0 = Release|x86
		{70C5C7E2-4A2E-4ECF-9DB3-F9755758F82C}.Debug|Any CPU.ActiveCfg = Debug|Any CPU
		{70C5C7E2-4A2E-4ECF-9DB3-F9755758F82C}.Debug|Any CPU.Build.0 = Debug|Any CPU
		{70C5C7E2-4A2E-4ECF-9DB3-F9755758F82C}.Debug|x64.ActiveCfg = Debug|x64
		{70C5C7E2-4A2E-4ECF-9DB3-F9755758F82C}.Debug|x64.Build.0 = Debug|x64
		{70C5C7E2-4A2E-4ECF-9DB3-F9755758F82C}.Debug|x86.ActiveCfg = Debug|x86
		{70C5C7E2-4A2E-4ECF-9DB3-F9755758F82C}.Debug|x86.Build.0 = Debug|x86
		{70C5C7E2-4A2E-4ECF-9DB3-F9755758F82C}.Release|Any CPU.ActiveCfg = Release|Any CPU
		{70C5C7E2-4A2E-4ECF-9DB3-F9755758F82C}.Release|Any CPU.Build.0 = Release|Any CPU
		{70C5C7E2-4A2E-4ECF-9DB3-F9755758F82C}.Release|x64.ActiveCfg = Release|x64
		{70C5C7E2-4A2E-4ECF-9DB3-F9755758F82C}.Release|x64.Build.0 = Release|x64
		{70C5C7E2-4A2E-4ECF-9DB3-F9755758F82C}.Release|x86.ActiveCfg = Release|x86
		{70C5C7E2-4A2E-4ECF-9DB3-F9755758F82C}.Release|x86.Build.0 = Release|x86
		{B81D1E66-FC93-4466-822B-FA07AF481C7C}.Debug|Any CPU.ActiveCfg = Debug|Any CPU
		{B81D1E66-FC93-4466-822B-FA07AF481C7C}.Debug|Any CPU.Build.0 = Debug|Any CPU
		{B81D1E66-FC93-4466-822B-FA07AF481C7C}.Debug|x64.ActiveCfg = Debug|x64
		{B81D1E66-FC93-4466-822B-FA07AF481C7C}.Debug|x64.Build.0 = Debug|x64
		{B81D1E66-FC93-4466-822B-FA07AF481C7C}.Debug|x86.ActiveCfg = Debug|x86
		{B81D1E66-FC93-4466-822B-FA07AF481C7C}.Debug|x86.Build.0 = Debug|x86
		{B81D1E66-FC93-4466-822B-FA07AF481C7C}.Release|Any CPU.ActiveCfg = Release|Any CPU
		{B81D1E66-FC93-4466-822B-FA07AF481C7C}.Release|Any CPU.Build.0 = Release|Any CPU
		{B81D1E66-FC93-4466-822B-FA07AF481C7C}.Release|x64.ActiveCfg = Release|x64
		{B81D1E66-FC93-4466-822B-FA07AF481C7C}.Release|x64.Build.0 = Release|x64
		{B81D1E66-FC93-4466-822B-FA07AF481C7C}.Release|x86.ActiveCfg = Release|x86
		{B81D1E66-FC93-4466-822B-FA07AF481C7C}.Release|x86.Build.0 = Release|x86
		{EEC581C9-8FC7-474D-8942-83F5D325923B}.Debug|Any CPU.ActiveCfg = Debug|Any CPU
		{EEC581C9-8FC7-474D-8942-83F5D325923B}.Debug|Any CPU.Build.0 = Debug|Any CPU
		{EEC581C9-8FC7-474D-8942-83F5D325923B}.Debug|x64.ActiveCfg = Debug|x64
		{EEC581C9-8FC7-474D-8942-83F5D325923B}.Debug|x64.Build.0 = Debug|x64
		{EEC581C9-8FC7-474D-8942-83F5D325923B}.Debug|x86.ActiveCfg = Debug|x86
		{EEC581C9-8FC7-474D-8942-83F5D325923B}.Debug|x86.Build.0 = Debug|x86
		{EEC581C9-8FC7-474D-8942-83F5D325923B}.Release|Any CPU.ActiveCfg = Release|Any CPU
		{EEC581C9-8FC7-474D-8942-83F5D325923B}.Release|Any CPU.Build.0 = Release|Any CPU
		{EEC581C9-8FC7-474D-8942-83F5D325923B}.Release|x64.ActiveCfg = Release|x64
		{EEC581C9-8FC7-474D-8942-83F5D325923B}.Release|x64.Build.0 = Release|x64
		{EEC581C9-8FC7-474D-8942-83F5D325923B}.Release|x86.ActiveCfg = Release|x86
		{EEC581C9-8FC7-474D-8942-83F5D325923B}.Release|x86.Build.0 = Release|x86
		{4D1B27DD-AD19-4405-90C0-E03BAD50FEBF}.Debug|Any CPU.ActiveCfg = Debug|Any CPU
		{4D1B27DD-AD19-4405-90C0-E03BAD50FEBF}.Debug|Any CPU.Build.0 = Debug|Any CPU
		{4D1B27DD-AD19-4405-90C0-E03BAD50FEBF}.Debug|x64.ActiveCfg = Debug|x64
		{4D1B27DD-AD19-4405-90C0-E03BAD50FEBF}.Debug|x64.Build.0 = Debug|x64
		{4D1B27DD-AD19-4405-90C0-E03BAD50FEBF}.Debug|x86.ActiveCfg = Debug|x86
		{4D1B27DD-AD19-4405-90C0-E03BAD50FEBF}.Debug|x86.Build.0 = Debug|x86
		{4D1B27DD-AD19-4405-90C0-E03BAD50FEBF}.Release|Any CPU.ActiveCfg = Release|Any CPU
		{4D1B27DD-AD19-4405-90C0-E03BAD50FEBF}.Release|Any CPU.Build.0 = Release|Any CPU
		{4D1B27DD-AD19-4405-90C0-E03BAD50FEBF}.Release|x64.ActiveCfg = Release|x64
		{4D1B27DD-AD19-4405-90C0-E03BAD50FEBF}.Release|x64.Build.0 = Release|x64
		{4D1B27DD-AD19-4405-90C0-E03BAD50FEBF}.Release|x86.ActiveCfg = Release|x86
		{4D1B27DD-AD19-4405-90C0-E03BAD50FEBF}.Release|x86.Build.0 = Release|x86
		{6654D1EB-D5CD-4618-A326-1808894F8D27}.Debug|Any CPU.ActiveCfg = Debug|Any CPU
		{6654D1EB-D5CD-4618-A326-1808894F8D27}.Debug|Any CPU.Build.0 = Debug|Any CPU
		{6654D1EB-D5CD-4618-A326-1808894F8D27}.Debug|x64.ActiveCfg = Debug|x64
		{6654D1EB-D5CD-4618-A326-1808894F8D27}.Debug|x64.Build.0 = Debug|x64
		{6654D1EB-D5CD-4618-A326-1808894F8D27}.Debug|x86.ActiveCfg = Debug|x86
		{6654D1EB-D5CD-4618-A326-1808894F8D27}.Debug|x86.Build.0 = Debug|x86
		{6654D1EB-D5CD-4618-A326-1808894F8D27}.Release|Any CPU.ActiveCfg = Release|Any CPU
		{6654D1EB-D5CD-4618-A326-1808894F8D27}.Release|Any CPU.Build.0 = Release|Any CPU
		{6654D1EB-D5CD-4618-A326-1808894F8D27}.Release|x64.ActiveCfg = Release|x64
		{6654D1EB-D5CD-4618-A326-1808894F8D27}.Release|x64.Build.0 = Release|x64
		{6654D1EB-D5CD-4618-A326-1808894F8D27}.Release|x86.ActiveCfg = Release|x86
		{6654D1EB-D5CD-4618-A326-1808894F8D27}.Release|x86.Build.0 = Release|x86
		{C171F5FC-10C4-4F1C-B937-148D35105C65}.Debug|Any CPU.ActiveCfg = Debug|Any CPU
		{C171F5FC-10C4-4F1C-B937-148D35105C65}.Debug|Any CPU.Build.0 = Debug|Any CPU
		{C171F5FC-10C4-4F1C-B937-148D35105C65}.Debug|x64.ActiveCfg = Debug|x64
		{C171F5FC-10C4-4F1C-B937-148D35105C65}.Debug|x64.Build.0 = Debug|x64
		{C171F5FC-10C4-4F1C-B937-148D35105C65}.Debug|x86.ActiveCfg = Debug|x86
		{C171F5FC-10C4-4F1C-B937-148D35105C65}.Debug|x86.Build.0 = Debug|x86
		{C171F5FC-10C4-4F1C-B937-148D35105C65}.Release|Any CPU.ActiveCfg = Release|Any CPU
		{C171F5FC-10C4-4F1C-B937-148D35105C65}.Release|Any CPU.Build.0 = Release|Any CPU
		{C171F5FC-10C4-4F1C-B937-148D35105C65}.Release|x64.ActiveCfg = Release|x64
		{C171F5FC-10C4-4F1C-B937-148D35105C65}.Release|x64.Build.0 = Release|x64
		{C171F5FC-10C4-4F1C-B937-148D35105C65}.Release|x86.ActiveCfg = Release|x86
		{C171F5FC-10C4-4F1C-B937-148D35105C65}.Release|x86.Build.0 = Release|x86
	EndGlobalSection
	GlobalSection(SolutionProperties) = preSolution
		HideSolutionNode = FALSE
	EndGlobalSection
	GlobalSection(NestedProjects) = preSolution
		{4D1B27DD-AD19-4405-90C0-E03BAD50FEBF} = {CCE7810E-3944-4AC9-AB51-65A2CB237DD4}
		{6654D1EB-D5CD-4618-A326-1808894F8D27} = {CCE7810E-3944-4AC9-AB51-65A2CB237DD4}
		{C171F5FC-10C4-4F1C-B937-148D35105C65} = {CCE7810E-3944-4AC9-AB51-65A2CB237DD4}
		{AA8E1919-C867-4060-9717-9AE0CFCC732D} = {8463352E-D820-4A19-8EA7-2D6AD23BAE9E}
		{70C5C7E2-4A2E-4ECF-9DB3-F9755758F82C} = {8463352E-D820-4A19-8EA7-2D6AD23BAE9E}
		{B81D1E66-FC93-4466-822B-FA07AF481C7C} = {8463352E-D820-4A19-8EA7-2D6AD23BAE9E}
	EndGlobalSection
EndGlobal
