
Microsoft Visual Studio Solution File, Format Version 12.00
# Visual Studio 2013
VisualStudioVersion = 12.0.31101.0
MinimumVisualStudioVersion = 10.0.40219.1
Project("{FAE04EC0-301F-11D3-BF4B-00C04F79EFBC}") = "Zen", "Zen\Zen.csproj", "{4D1B27DD-AD19-4405-90C0-E03BAD50FEBF}"
EndProject
Project("{FAE04EC0-301F-11D3-BF4B-00C04F79EFBC}") = "Zen.Data", "Zen.Data\Zen.Data.csproj", "{6654D1EB-D5CD-4618-A326-1808894F8D27}"
EndProject
Project("{FAE04EC0-301F-11D3-BF4B-00C04F79EFBC}") = "Zen.Svcs", "Zen.Svcs\Zen.Svcs.csproj", "{C171F5FC-10C4-4F1C-B937-148D35105C65}"
EndProject
Project("{FAE04EC0-301F-11D3-BF4B-00C04F79EFBC}") = "Zen.Test", "Zen.Test\Zen.Test.csproj", "{14A5C31D-7651-40BA-8C96-04925FEA3460}"
EndProject
Project("{FAE04EC0-301F-11D3-BF4B-00C04F79EFBC}") = "Zen.Test.Svcs", "Zen.Test.Svcs\Zen.Test.Svcs.csproj", "{5CBDDC3A-0850-41EE-8ECE-801C15FF9315}"
EndProject
Project("{2150E333-8FDC-42A3-9474-1A3956D46DE8}") = "resources", "resources", "{8A56DF8C-DB5E-41E6-AD56-1284D766A0E4}"
	ProjectSection(SolutionItems) = preProject
		resources\nhibernate-configuration.xsd = resources\nhibernate-configuration.xsd
		resources\nhibernate-mapping.xsd = resources\nhibernate-mapping.xsd
	EndProjectSection
EndProject
Project("{2150E333-8FDC-42A3-9474-1A3956D46DE8}") = "svchosts", "svchosts", "{E935AF64-3700-4B6E-8DC6-09F253F2E16C}"
EndProject
Project("{2150E333-8FDC-42A3-9474-1A3956D46DE8}") = "utility", "utility", "{02154618-F677-44A4-9E7A-DE19D0160FC6}"
EndProject
Project("{FAE04EC0-301F-11D3-BF4B-00C04F79EFBC}") = "Zen.SvcHost.IIS", "svchosts\Zen.SvcHost.IIS\Zen.SvcHost.IIS.csproj", "{AA8E1919-C867-4060-9717-9AE0CFCC732D}"
EndProject
Project("{FAE04EC0-301F-11D3-BF4B-00C04F79EFBC}") = "Zen.SvcHost.Self", "svchosts\Zen.SvcHost.Self\Zen.SvcHost.Self.csproj", "{70C5C7E2-4A2E-4ECF-9DB3-F9755758F82C}"
EndProject
Project("{FAE04EC0-301F-11D3-BF4B-00C04F79EFBC}") = "Zen.SvcHost.Shelf", "svchosts\Zen.SvcHost.Shelf\Zen.SvcHost.Shelf.csproj", "{B81D1E66-FC93-4466-822B-FA07AF481C7C}"
EndProject
Project("{FAE04EC0-301F-11D3-BF4B-00C04F79EFBC}") = "Zen.Util.Core", "utility\Zen.Util.Core\Zen.Util.Core.csproj", "{A15F2280-C07B-4BBA-B822-6D06C464A582}"
EndProject
Project("{FAE04EC0-301F-11D3-BF4B-00C04F79EFBC}") = "Zen.Util.App", "utility\Zen.Util.App\Zen.Util.App.csproj", "{63E6330D-8291-44DD-A032-B7FBF844AC5D}"
EndProject
Global
	GlobalSection(SolutionConfigurationPlatforms) = preSolution
		Debug|Any CPU = Debug|Any CPU
		Debug|x64 = Debug|x64
		Debug|x86 = Debug|x86
		Release|Any CPU = Release|Any CPU
		Release|x64 = Release|x64
		Release|x86 = Release|x86
	EndGlobalSection
	GlobalSection(ProjectConfigurationPlatforms) = postSolution
		{4D1B27DD-AD19-4405-90C0-E03BAD50FEBF}.Debug|Any CPU.ActiveCfg = Debug|Any CPU
		{4D1B27DD-AD19-4405-90C0-E03BAD50FEBF}.Debug|Any CPU.Build.0 = Debug|Any CPU
		{4D1B27DD-AD19-4405-90C0-E03BAD50FEBF}.Debug|x64.ActiveCfg = Debug|Any CPU
		{4D1B27DD-AD19-4405-90C0-E03BAD50FEBF}.Debug|x64.Build.0 = Debug|Any CPU
		{4D1B27DD-AD19-4405-90C0-E03BAD50FEBF}.Debug|x86.ActiveCfg = Debug|Any CPU
		{4D1B27DD-AD19-4405-90C0-E03BAD50FEBF}.Debug|x86.Build.0 = Debug|Any CPU
		{4D1B27DD-AD19-4405-90C0-E03BAD50FEBF}.Release|Any CPU.ActiveCfg = Release|Any CPU
		{4D1B27DD-AD19-4405-90C0-E03BAD50FEBF}.Release|Any CPU.Build.0 = Release|Any CPU
		{4D1B27DD-AD19-4405-90C0-E03BAD50FEBF}.Release|x64.ActiveCfg = Release|Any CPU
		{4D1B27DD-AD19-4405-90C0-E03BAD50FEBF}.Release|x64.Build.0 = Release|Any CPU
		{4D1B27DD-AD19-4405-90C0-E03BAD50FEBF}.Release|x86.ActiveCfg = Release|Any CPU
		{4D1B27DD-AD19-4405-90C0-E03BAD50FEBF}.Release|x86.Build.0 = Release|Any CPU
		{6654D1EB-D5CD-4618-A326-1808894F8D27}.Debug|Any CPU.ActiveCfg = Debug|Any CPU
		{6654D1EB-D5CD-4618-A326-1808894F8D27}.Debug|Any CPU.Build.0 = Debug|Any CPU
		{6654D1EB-D5CD-4618-A326-1808894F8D27}.Debug|x64.ActiveCfg = Debug|Any CPU
		{6654D1EB-D5CD-4618-A326-1808894F8D27}.Debug|x64.Build.0 = Debug|Any CPU
		{6654D1EB-D5CD-4618-A326-1808894F8D27}.Debug|x86.ActiveCfg = Debug|Any CPU
		{6654D1EB-D5CD-4618-A326-1808894F8D27}.Debug|x86.Build.0 = Debug|Any CPU
		{6654D1EB-D5CD-4618-A326-1808894F8D27}.Release|Any CPU.ActiveCfg = Release|Any CPU
		{6654D1EB-D5CD-4618-A326-1808894F8D27}.Release|Any CPU.Build.0 = Release|Any CPU
		{6654D1EB-D5CD-4618-A326-1808894F8D27}.Release|x64.ActiveCfg = Release|Any CPU
		{6654D1EB-D5CD-4618-A326-1808894F8D27}.Release|x64.Build.0 = Release|Any CPU
		{6654D1EB-D5CD-4618-A326-1808894F8D27}.Release|x86.ActiveCfg = Release|Any CPU
		{6654D1EB-D5CD-4618-A326-1808894F8D27}.Release|x86.Build.0 = Release|Any CPU
		{C171F5FC-10C4-4F1C-B937-148D35105C65}.Debug|Any CPU.ActiveCfg = Debug|Any CPU
		{C171F5FC-10C4-4F1C-B937-148D35105C65}.Debug|Any CPU.Build.0 = Debug|Any CPU
		{C171F5FC-10C4-4F1C-B937-148D35105C65}.Debug|x64.ActiveCfg = Debug|Any CPU
		{C171F5FC-10C4-4F1C-B937-148D35105C65}.Debug|x64.Build.0 = Debug|Any CPU
		{C171F5FC-10C4-4F1C-B937-148D35105C65}.Debug|x86.ActiveCfg = Debug|Any CPU
		{C171F5FC-10C4-4F1C-B937-148D35105C65}.Debug|x86.Build.0 = Debug|Any CPU
		{C171F5FC-10C4-4F1C-B937-148D35105C65}.Release|Any CPU.ActiveCfg = Release|Any CPU
		{C171F5FC-10C4-4F1C-B937-148D35105C65}.Release|Any CPU.Build.0 = Release|Any CPU
		{C171F5FC-10C4-4F1C-B937-148D35105C65}.Release|x64.ActiveCfg = Release|Any CPU
		{C171F5FC-10C4-4F1C-B937-148D35105C65}.Release|x64.Build.0 = Release|Any CPU
		{C171F5FC-10C4-4F1C-B937-148D35105C65}.Release|x86.ActiveCfg = Release|Any CPU
		{C171F5FC-10C4-4F1C-B937-148D35105C65}.Release|x86.Build.0 = Release|Any CPU
		{14A5C31D-7651-40BA-8C96-04925FEA3460}.Debug|Any CPU.ActiveCfg = Debug|Any CPU
		{14A5C31D-7651-40BA-8C96-04925FEA3460}.Debug|Any CPU.Build.0 = Debug|Any CPU
		{14A5C31D-7651-40BA-8C96-04925FEA3460}.Debug|x64.ActiveCfg = Debug|x64
		{14A5C31D-7651-40BA-8C96-04925FEA3460}.Debug|x64.Build.0 = Debug|x64
		{14A5C31D-7651-40BA-8C96-04925FEA3460}.Debug|x86.ActiveCfg = Debug|x86
		{14A5C31D-7651-40BA-8C96-04925FEA3460}.Debug|x86.Build.0 = Debug|x86
		{14A5C31D-7651-40BA-8C96-04925FEA3460}.Release|Any CPU.ActiveCfg = Release|Any CPU
		{14A5C31D-7651-40BA-8C96-04925FEA3460}.Release|Any CPU.Build.0 = Release|Any CPU
		{14A5C31D-7651-40BA-8C96-04925FEA3460}.Release|x64.ActiveCfg = Release|x64
		{14A5C31D-7651-40BA-8C96-04925FEA3460}.Release|x64.Build.0 = Release|x64
		{14A5C31D-7651-40BA-8C96-04925FEA3460}.Release|x86.ActiveCfg = Release|x86
		{14A5C31D-7651-40BA-8C96-04925FEA3460}.Release|x86.Build.0 = Release|x86
		{5CBDDC3A-0850-41EE-8ECE-801C15FF9315}.Debug|Any CPU.ActiveCfg = Debug|Any CPU
		{5CBDDC3A-0850-41EE-8ECE-801C15FF9315}.Debug|Any CPU.Build.0 = Debug|Any CPU
		{5CBDDC3A-0850-41EE-8ECE-801C15FF9315}.Debug|x64.ActiveCfg = Debug|Any CPU
		{5CBDDC3A-0850-41EE-8ECE-801C15FF9315}.Debug|x86.ActiveCfg = Debug|Any CPU
		{5CBDDC3A-0850-41EE-8ECE-801C15FF9315}.Release|Any CPU.ActiveCfg = Release|Any CPU
		{5CBDDC3A-0850-41EE-8ECE-801C15FF9315}.Release|Any CPU.Build.0 = Release|Any CPU
		{5CBDDC3A-0850-41EE-8ECE-801C15FF9315}.Release|x64.ActiveCfg = Release|Any CPU
		{5CBDDC3A-0850-41EE-8ECE-801C15FF9315}.Release|x86.ActiveCfg = Release|Any CPU
		{AA8E1919-C867-4060-9717-9AE0CFCC732D}.Debug|Any CPU.ActiveCfg = Debug|Any CPU
		{AA8E1919-C867-4060-9717-9AE0CFCC732D}.Debug|Any CPU.Build.0 = Debug|Any CPU
		{AA8E1919-C867-4060-9717-9AE0CFCC732D}.Debug|x64.ActiveCfg = Debug|x64
		{AA8E1919-C867-4060-9717-9AE0CFCC732D}.Debug|x64.Build.0 = Debug|x64
		{AA8E1919-C867-4060-9717-9AE0CFCC732D}.Debug|x86.ActiveCfg = Debug|x86
		{AA8E1919-C867-4060-9717-9AE0CFCC732D}.Debug|x86.Build.0 = Debug|x86
		{AA8E1919-C867-4060-9717-9AE0CFCC732D}.Release|Any CPU.ActiveCfg = Release|Any CPU
		{AA8E1919-C867-4060-9717-9AE0CFCC732D}.Release|Any CPU.Build.0 = Release|Any CPU
		{AA8E1919-C867-4060-9717-9AE0CFCC732D}.Release|x64.ActiveCfg = Release|x64
		{AA8E1919-C867-4060-9717-9AE0CFCC732D}.Release|x64.Build.0 = Release|x64
		{AA8E1919-C867-4060-9717-9AE0CFCC732D}.Release|x86.ActiveCfg = Release|x86
		{AA8E1919-C867-4060-9717-9AE0CFCC732D}.Release|x86.Build.0 = Release|x86
		{70C5C7E2-4A2E-4ECF-9DB3-F9755758F82C}.Debug|Any CPU.ActiveCfg = Debug|Any CPU
		{70C5C7E2-4A2E-4ECF-9DB3-F9755758F82C}.Debug|Any CPU.Build.0 = Debug|Any CPU
		{70C5C7E2-4A2E-4ECF-9DB3-F9755758F82C}.Debug|x64.ActiveCfg = Debug|x64
		{70C5C7E2-4A2E-4ECF-9DB3-F9755758F82C}.Debug|x64.Build.0 = Debug|x64
		{70C5C7E2-4A2E-4ECF-9DB3-F9755758F82C}.Debug|x86.ActiveCfg = Debug|x86
		{70C5C7E2-4A2E-4ECF-9DB3-F9755758F82C}.Debug|x86.Build.0 = Debug|x86
		{70C5C7E2-4A2E-4ECF-9DB3-F9755758F82C}.Release|Any CPU.ActiveCfg = Release|Any CPU
		{70C5C7E2-4A2E-4ECF-9DB3-F9755758F82C}.Release|Any CPU.Build.0 = Release|Any CPU
		{70C5C7E2-4A2E-4ECF-9DB3-F9755758F82C}.Release|x64.ActiveCfg = Release|x64
		{70C5C7E2-4A2E-4ECF-9DB3-F9755758F82C}.Release|x64.Build.0 = Release|x64
		{70C5C7E2-4A2E-4ECF-9DB3-F9755758F82C}.Release|x86.ActiveCfg = Release|x86
		{70C5C7E2-4A2E-4ECF-9DB3-F9755758F82C}.Release|x86.Build.0 = Release|x86
		{B81D1E66-FC93-4466-822B-FA07AF481C7C}.Debug|Any CPU.ActiveCfg = Debug|Any CPU
		{B81D1E66-FC93-4466-822B-FA07AF481C7C}.Debug|Any CPU.Build.0 = Debug|Any CPU
		{B81D1E66-FC93-4466-822B-FA07AF481C7C}.Debug|x64.ActiveCfg = Debug|x64
		{B81D1E66-FC93-4466-822B-FA07AF481C7C}.Debug|x64.Build.0 = Debug|x64
		{B81D1E66-FC93-4466-822B-FA07AF481C7C}.Debug|x86.ActiveCfg = Debug|x86
		{B81D1E66-FC93-4466-822B-FA07AF481C7C}.Debug|x86.Build.0 = Debug|x86
		{B81D1E66-FC93-4466-822B-FA07AF481C7C}.Release|Any CPU.ActiveCfg = Release|Any CPU
		{B81D1E66-FC93-4466-822B-FA07AF481C7C}.Release|Any CPU.Build.0 = Release|Any CPU
		{B81D1E66-FC93-4466-822B-FA07AF481C7C}.Release|x64.ActiveCfg = Release|x64
		{B81D1E66-FC93-4466-822B-FA07AF481C7C}.Release|x64.Build.0 = Release|x64
		{B81D1E66-FC93-4466-822B-FA07AF481C7C}.Release|x86.ActiveCfg = Release|x86
		{B81D1E66-FC93-4466-822B-FA07AF481C7C}.Release|x86.Build.0 = Release|x86
		{A15F2280-C07B-4BBA-B822-6D06C464A582}.Debug|Any CPU.ActiveCfg = Debug|Any CPU
		{A15F2280-C07B-4BBA-B822-6D06C464A582}.Debug|Any CPU.Build.0 = Debug|Any CPU
		{A15F2280-C07B-4BBA-B822-6D06C464A582}.Debug|x64.ActiveCfg = Debug|x64
		{A15F2280-C07B-4BBA-B822-6D06C464A582}.Debug|x64.Build.0 = Debug|x64
		{A15F2280-C07B-4BBA-B822-6D06C464A582}.Debug|x86.ActiveCfg = Debug|x86
		{A15F2280-C07B-4BBA-B822-6D06C464A582}.Debug|x86.Build.0 = Debug|x86
		{A15F2280-C07B-4BBA-B822-6D06C464A582}.Release|Any CPU.ActiveCfg = Release|Any CPU
		{A15F2280-C07B-4BBA-B822-6D06C464A582}.Release|Any CPU.Build.0 = Release|Any CPU
		{A15F2280-C07B-4BBA-B822-6D06C464A582}.Release|x64.ActiveCfg = Release|x64
		{A15F2280-C07B-4BBA-B822-6D06C464A582}.Release|x64.Build.0 = Release|x64
		{A15F2280-C07B-4BBA-B822-6D06C464A582}.Release|x86.ActiveCfg = Release|x86
		{A15F2280-C07B-4BBA-B822-6D06C464A582}.Release|x86.Build.0 = Release|x86
		{63E6330D-8291-44DD-A032-B7FBF844AC5D}.Debug|Any CPU.ActiveCfg = Debug|Any CPU
		{63E6330D-8291-44DD-A032-B7FBF844AC5D}.Debug|Any CPU.Build.0 = Debug|Any CPU
		{63E6330D-8291-44DD-A032-B7FBF844AC5D}.Debug|x64.ActiveCfg = Debug|Any CPU
		{63E6330D-8291-44DD-A032-B7FBF844AC5D}.Debug|x86.ActiveCfg = Debug|Any CPU
		{63E6330D-8291-44DD-A032-B7FBF844AC5D}.Release|Any CPU.ActiveCfg = Release|Any CPU
		{63E6330D-8291-44DD-A032-B7FBF844AC5D}.Release|Any CPU.Build.0 = Release|Any CPU
		{63E6330D-8291-44DD-A032-B7FBF844AC5D}.Release|x64.ActiveCfg = Release|Any CPU
		{63E6330D-8291-44DD-A032-B7FBF844AC5D}.Release|x86.ActiveCfg = Release|Any CPU
	EndGlobalSection
	GlobalSection(SolutionProperties) = preSolution
		HideSolutionNode = FALSE
	EndGlobalSection
	GlobalSection(NestedProjects) = preSolution
		{AA8E1919-C867-4060-9717-9AE0CFCC732D} = {E935AF64-3700-4B6E-8DC6-09F253F2E16C}
		{70C5C7E2-4A2E-4ECF-9DB3-F9755758F82C} = {E935AF64-3700-4B6E-8DC6-09F253F2E16C}
		{B81D1E66-FC93-4466-822B-FA07AF481C7C} = {E935AF64-3700-4B6E-8DC6-09F253F2E16C}
		{A15F2280-C07B-4BBA-B822-6D06C464A582} = {02154618-F677-44A4-9E7A-DE19D0160FC6}
		{63E6330D-8291-44DD-A032-B7FBF844AC5D} = {02154618-F677-44A4-9E7A-DE19D0160FC6}
	EndGlobalSection
EndGlobal
